
Microsoft Visual Studio Solution File, Format Version 12.00
# Visual Studio 14
VisualStudioVersion = 14.0.25420.1
MinimumVisualStudioVersion = 10.0.40219.1
Project("{FAE04EC0-301F-11D3-BF4B-00C04F79EFBC}") = "SparkplugB", "SparkplugB\SparkplugB.csproj", "{48DEABFA-911E-4C33-A6A2-FCD0953329AF}"
EndProject
Project("{FAE04EC0-301F-11D3-BF4B-00C04F79EFBC}") = "DriverSparkplugB", "DriverSparkplugB\DriverSparkplugB.csproj", "{7171CCF1-A644-44D8-9055-7E1252D51821}"
EndProject
Project("{930C7802-8A8C-48F9-8165-68863BCCD9DD}") = "DriverNotifyInstaller", "DriverSparkplugBInstaller\DriverNotifyInstaller.wixproj", "{432264F7-EE9B-FF46-93C6-D857118BFF75}"
EndProject
Project("{2150E333-8FDC-42A3-9474-1A3956D46DE8}") = "Solution Items", "Solution Items", "{1A216431-7EF3-4636-80BE-CECA921E8358}"
	ProjectSection(SolutionItems) = preProject
		DriverRegistry.reg = DriverRegistry.reg
		LICENSE.txt = LICENSE.txt
		ReadMe.md = ReadMe.md
		Sparkplug B Sample DDK Driver.docx = Sparkplug B Sample DDK Driver.docx
	EndProjectSection
EndProject
Global
	GlobalSection(SolutionConfigurationPlatforms) = preSolution
		Debug|x64 = Debug|x64
		Debug|x86 = Debug|x86
		Release|x64 = Release|x64
		Release|x86 = Release|x86
	EndGlobalSection
	GlobalSection(ProjectConfigurationPlatforms) = postSolution
		{48DEABFA-911E-4C33-A6A2-FCD0953329AF}.Debug|x64.ActiveCfg = Debug|x64
		{48DEABFA-911E-4C33-A6A2-FCD0953329AF}.Debug|x64.Build.0 = Debug|x64
		{48DEABFA-911E-4C33-A6A2-FCD0953329AF}.Debug|x86.ActiveCfg = Debug|x86
		{48DEABFA-911E-4C33-A6A2-FCD0953329AF}.Debug|x86.Build.0 = Debug|x86
		{48DEABFA-911E-4C33-A6A2-FCD0953329AF}.Release|x64.ActiveCfg = Release|x64
		{48DEABFA-911E-4C33-A6A2-FCD0953329AF}.Release|x64.Build.0 = Release|x64
		{48DEABFA-911E-4C33-A6A2-FCD0953329AF}.Release|x86.ActiveCfg = Release|x86
		{48DEABFA-911E-4C33-A6A2-FCD0953329AF}.Release|x86.Build.0 = Release|x86
		{7171CCF1-A644-44D8-9055-7E1252D51821}.Debug|x64.ActiveCfg = Debug|x64
		{7171CCF1-A644-44D8-9055-7E1252D51821}.Debug|x64.Build.0 = Debug|x64
		{7171CCF1-A644-44D8-9055-7E1252D51821}.Debug|x86.ActiveCfg = Debug|x86
		{7171CCF1-A644-44D8-9055-7E1252D51821}.Debug|x86.Build.0 = Debug|x86
		{7171CCF1-A644-44D8-9055-7E1252D51821}.Release|x64.ActiveCfg = Release|x64
		{7171CCF1-A644-44D8-9055-7E1252D51821}.Release|x64.Build.0 = Release|x64
		{7171CCF1-A644-44D8-9055-7E1252D51821}.Release|x86.ActiveCfg = Release|x86
		{7171CCF1-A644-44D8-9055-7E1252D51821}.Release|x86.Build.0 = Release|x86
		{432264F7-EE9B-FF46-93C6-D857118BFF75}.Debug|x64.ActiveCfg = Debug|x86
		{432264F7-EE9B-FF46-93C6-D857118BFF75}.Debug|x86.ActiveCfg = Debug|x86
		{432264F7-EE9B-FF46-93C6-D857118BFF75}.Debug|x86.Build.0 = Debug|x86
		{432264F7-EE9B-FF46-93C6-D857118BFF75}.Release|x64.ActiveCfg = Release|x86
		{432264F7-EE9B-FF46-93C6-D857118BFF75}.Release|x86.ActiveCfg = Release|x86
		{432264F7-EE9B-FF46-93C6-D857118BFF75}.Release|x86.Build.0 = Release|x86
	EndGlobalSection
	GlobalSection(SolutionProperties) = preSolution
		HideSolutionNode = FALSE
	EndGlobalSection
EndGlobal
